
Microsoft Visual Studio Solution File, Format Version 12.00
Project("{FAE04EC0-301F-11D3-BF4B-00C04F79EFBC}") = "Utf8JsonStreamReader", "Utf8JsonStreamReader\Utf8JsonStreamReader.csproj", "{1C4624F3-1D06-4346-BA91-C7277F2A24E9}"
EndProject
Project("{F2A71F9B-5D33-465A-A702-920D77279786}") = "Utf8JsonStreamReader.Test", "Utf8JsonStreamReader.Test\Utf8JsonStreamReader.Test.fsproj", "{FCE60C99-B278-469A-AD4D-CE6A9A86019F}"
EndProject
Global
	GlobalSection(SolutionConfigurationPlatforms) = preSolution
		Debug|Any CPU = Debug|Any CPU
		Release|Any CPU = Release|Any CPU
	EndGlobalSection
	GlobalSection(ProjectConfigurationPlatforms) = postSolution
		{1C4624F3-1D06-4346-BA91-C7277F2A24E9}.Debug|Any CPU.ActiveCfg = Debug|Any CPU
		{1C4624F3-1D06-4346-BA91-C7277F2A24E9}.Debug|Any CPU.Build.0 = Debug|Any CPU
		{1C4624F3-1D06-4346-BA91-C7277F2A24E9}.Release|Any CPU.ActiveCfg = Release|Any CPU
		{1C4624F3-1D06-4346-BA91-C7277F2A24E9}.Release|Any CPU.Build.0 = Release|Any CPU
		{FCE60C99-B278-469A-AD4D-CE6A9A86019F}.Debug|Any CPU.ActiveCfg = Debug|Any CPU
		{FCE60C99-B278-469A-AD4D-CE6A9A86019F}.Debug|Any CPU.Build.0 = Debug|Any CPU
		{FCE60C99-B278-469A-AD4D-CE6A9A86019F}.Release|Any CPU.ActiveCfg = Release|Any CPU
		{FCE60C99-B278-469A-AD4D-CE6A9A86019F}.Release|Any CPU.Build.0 = Release|Any CPU
	EndGlobalSection
EndGlobal
